
Microsoft Visual Studio Solution File, Format Version 12.00
# Visual Studio 15
VisualStudioVersion = 15.0.27428.2015
MinimumVisualStudioVersion = 10.0.40219.1
Project("{FAE04EC0-301F-11D3-BF4B-00C04F79EFBC}") = "App2", "App2\App2.csproj", "{874E42F4-F975-4A81-921A-DA5805515FFF}"
EndProject
Global
	GlobalSection(SolutionConfigurationPlatforms) = preSolution
		Debug|ARM = Debug|ARM
		Debug|x64 = Debug|x64
		Debug|x86 = Debug|x86
		Release|ARM = Release|ARM
		Release|x64 = Release|x64
		Release|x86 = Release|x86
	EndGlobalSection
	GlobalSection(ProjectConfigurationPlatforms) = postSolution
		{874E42F4-F975-4A81-921A-DA5805515FFF}.Debug|ARM.ActiveCfg = Debug|ARM
		{874E42F4-F975-4A81-921A-DA5805515FFF}.Debug|ARM.Build.0 = Debug|ARM
		{874E42F4-F975-4A81-921A-DA5805515FFF}.Debug|ARM.Deploy.0 = Debug|ARM
		{874E42F4-F975-4A81-921A-DA5805515FFF}.Debug|x64.ActiveCfg = Debug|x64
		{874E42F4-F975-4A81-921A-DA5805515FFF}.Debug|x64.Build.0 = Debug|x64
		{874E42F4-F975-4A81-921A-DA5805515FFF}.Debug|x64.Deploy.0 = Debug|x64
		{874E42F4-F975-4A81-921A-DA5805515FFF}.Debug|x86.ActiveCfg = Debug|x86
		{874E42F4-F975-4A81-921A-DA5805515FFF}.Debug|x86.Build.0 = Debug|x86
		{874E42F4-F975-4A81-921A-DA5805515FFF}.Debug|x86.Deploy.0 = Debug|x86
		{874E42F4-F975-4A81-921A-DA5805515FFF}.Release|ARM.ActiveCfg = Release|ARM
		{874E42F4-F975-4A81-921A-DA5805515FFF}.Release|ARM.Build.0 = Release|ARM
		{874E42F4-F975-4A81-921A-DA5805515FFF}.Release|ARM.Deploy.0 = Release|ARM
		{874E42F4-F975-4A81-921A-DA5805515FFF}.Release|x64.ActiveCfg = Release|x64
		{874E42F4-F975-4A81-921A-DA5805515FFF}.Release|x64.Build.0 = Release|x64
		{874E42F4-F975-4A81-921A-DA5805515FFF}.Release|x64.Deploy.0 = Release|x64
		{874E42F4-F975-4A81-921A-DA5805515FFF}.Release|x86.ActiveCfg = Release|x86
		{874E42F4-F975-4A81-921A-DA5805515FFF}.Release|x86.Build.0 = Release|x86
		{874E42F4-F975-4A81-921A-DA5805515FFF}.Release|x86.Deploy.0 = Release|x86
	EndGlobalSection
	GlobalSection(SolutionProperties) = preSolution
		HideSolutionNode = FALSE
	EndGlobalSection
	GlobalSection(ExtensibilityGlobals) = postSolution
		SolutionGuid = {B8A09703-B4D7-41D1-9CFF-113D5F639072}
	EndGlobalSection
EndGlobal
